
Microsoft Visual Studio Solution File, Format Version 12.00
# Visual Studio Version 17
VisualStudioVersion = 17.0.31903.59
MinimumVisualStudioVersion = 10.0.40219.1
Project("{FAE04EC0-301F-11D3-BF4B-00C04F79EFBC}") = "blazor-bulls-and-cows", "blazor-bulls-and-cows.csproj", "{FF96696D-98D0-4325-B48D-55980AEE26AF}"
EndProject
Global
	GlobalSection(SolutionConfigurationPlatforms) = preSolution
		Debug|Any CPU = Debug|Any CPU
		Release|Any CPU = Release|Any CPU
	EndGlobalSection
	GlobalSection(ProjectConfigurationPlatforms) = postSolution
		{FF96696D-98D0-4325-B48D-55980AEE26AF}.Debug|Any CPU.ActiveCfg = Debug|Any CPU
		{FF96696D-98D0-4325-B48D-55980AEE26AF}.Debug|Any CPU.Build.0 = Debug|Any CPU
		{FF96696D-98D0-4325-B48D-55980AEE26AF}.Release|Any CPU.ActiveCfg = Release|Any CPU
		{FF96696D-98D0-4325-B48D-55980AEE26AF}.Release|Any CPU.Build.0 = Release|Any CPU
	EndGlobalSection
	GlobalSection(SolutionProperties) = preSolution
		HideSolutionNode = FALSE
	EndGlobalSection
	GlobalSection(ExtensibilityGlobals) = postSolution
		SolutionGuid = {CD39AB8A-122C-47D7-A5F2-E2F62450DF08}
	EndGlobalSection
EndGlobal
